github.com/MichaelTJones/walk v0.0.0-20161122175330-4748e29d5718/go.mod h1:VVwKsx9Dc8rNG55BWqogoJzGubjKnRoXdUvpGbWqeCc=
github.com/whosonfirst/go-whosonfirst-crawl v0.2.0/go.mod h1:0t0OFAJ3MpllNw7hI5TpS+wJtx13nzM/DBLYUKJDJu0=
github.com/whosonfirst/walk v0.0.0-20160803014805-c0a349674b73 h1:/43peH8y6Wg+dAgQ97swaPN8c3/M6hi8lawr1vDblzs=
github.com/whosonfirst/walk v0.0.0-20160803014805-c0a349674b73/go.mod h1:U/1VXxlMzNZbyylg18AzEeHkGi1RXiBCMKpaM2XR+tQ=
